// !$*UTF8*$!
{
	archiveVersion = 1;
	classes = {
	};
	objectVersion = 46;
	objects = {

/* Begin PBXBuildFile section */
		9F2E754E13D451940058138E /* UIKit.framework in Frameworks */ = {isa = PBXBuildFile; fileRef = 9F2E754D13D451940058138E /* UIKit.framework */; };
		9F2E755013D451940058138E /* Foundation.framework in Frameworks */ = {isa = PBXBuildFile; fileRef = 9F2E754F13D451940058138E /* Foundation.framework */; };
		9F2E755213D451940058138E /* CoreGraphics.framework in Frameworks */ = {isa = PBXBuildFile; fileRef = 9F2E755113D451940058138E /* CoreGraphics.framework */; };
		9F2E755813D451940058138E /* InfoPlist.strings in Resources */ = {isa = PBXBuildFile; fileRef = 9F2E755613D451940058138E /* InfoPlist.strings */; };
		9F2E755B13D451950058138E /* main.m in Sources */ = {isa = PBXBuildFile; fileRef = 9F2E755A13D451950058138E /* main.m */; };
		9F2E755E13D451950058138E /* myMidiInterfaceAppDelegate.m in Sources */ = {isa = PBXBuildFile; fileRef = 9F2E755D13D451950058138E /* myMidiInterfaceAppDelegate.m */; };
		9F2E756113D451950058138E /* MainWindow.xib in Resources */ = {isa = PBXBuildFile; fileRef = 9F2E755F13D451950058138E /* MainWindow.xib */; };
		9F2E756413D451950058138E /* myMidiInterfaceViewController.m in Sources */ = {isa = PBXBuildFile; fileRef = 9F2E756313D451950058138E /* myMidiInterfaceViewController.m */; };
		9F2E756713D451950058138E /* myMidiInterfaceViewController.xib in Resources */ = {isa = PBXBuildFile; fileRef = 9F2E756513D451950058138E /* myMidiInterfaceViewController.xib */; };
		9F86923F13D8BA4100BD7FE5 /* CoreMIDI.framework in Frameworks */ = {isa = PBXBuildFile; fileRef = 9F86923E13D8BA4100BD7FE5 /* CoreMIDI.framework */; };
		9F86924313D8BBC000BD7FE5 /* myMixerViewController.m in Sources */ = {isa = PBXBuildFile; fileRef = 9F86924113D8BBC000BD7FE5 /* myMixerViewController.m */; };
		9F86924413D8BBC000BD7FE5 /* myMixerViewController.xib in Resources */ = {isa = PBXBuildFile; fileRef = 9F86924213D8BBC000BD7FE5 /* myMixerViewController.xib */; };
		9F86924813D8BC0A00BD7FE5 /* myXYPadViewController.m in Sources */ = {isa = PBXBuildFile; fileRef = 9F86924613D8BC0A00BD7FE5 /* myXYPadViewController.m */; };
		9F86924913D8BC0A00BD7FE5 /* myXYPadViewController.xib in Resources */ = {isa = PBXBuildFile; fileRef = 9F86924713D8BC0A00BD7FE5 /* myXYPadViewController.xib */; };
		9F86924D13D8BC2000BD7FE5 /* myFaceTrackerViewController.m in Sources */ = {isa = PBXBuildFile; fileRef = 9F86924B13D8BC2000BD7FE5 /* myFaceTrackerViewController.m */; };
		9F86924E13D8BC2000BD7FE5 /* myFaceTrackerViewController.xib in Resources */ = {isa = PBXBuildFile; fileRef = 9F86924C13D8BC2000BD7FE5 /* myFaceTrackerViewController.xib */; };
		9F86925613D8D0EB00BD7FE5 /* DrawerViewController.m in Sources */ = {isa = PBXBuildFile; fileRef = 9F86925413D8D0EA00BD7FE5 /* DrawerViewController.m */; };
		9F86925713D8D0EB00BD7FE5 /* DrawerViewController.xib in Resources */ = {isa = PBXBuildFile; fileRef = 9F86925513D8D0EA00BD7FE5 /* DrawerViewController.xib */; };
		9F86926F13D8E0E000BD7FE5 /* RoundedUIViewMask.m in Sources */ = {isa = PBXBuildFile; fileRef = 9F86926E13D8E0E000BD7FE5 /* RoundedUIViewMask.m */; };
		9F86927113D8E18200BD7FE5 /* QuartzCore.framework in Frameworks */ = {isa = PBXBuildFile; fileRef = 9F86927013D8E18200BD7FE5 /* QuartzCore.framework */; };
		9F86928013D8F4B700BD7FE5 /* UIViewWithShadow.m in Sources */ = {isa = PBXBuildFile; fileRef = 9F86927F13D8F4B700BD7FE5 /* UIViewWithShadow.m */; };
		9FE1D33E13D45D2000F092DB /* PGMidi.mm in Sources */ = {isa = PBXBuildFile; fileRef = 9FE1D33913D45D2000F092DB /* PGMidi.mm */; };
		9FE1D33F13D45D2000F092DB /* PGMidiAllSources.mm in Sources */ = {isa = PBXBuildFile; fileRef = 9FE1D33B13D45D2000F092DB /* PGMidiAllSources.mm */; };
		9FE1D34013D45D2000F092DB /* PGMidiFind.mm in Sources */ = {isa = PBXBuildFile; fileRef = 9FE1D33D13D45D2000F092DB /* PGMidiFind.mm */; };
		9FE1D34613D45D7B00F092DB /* MidiMonitorAppDelegate.m in Sources */ = {isa = PBXBuildFile; fileRef = 9FE1D34313D45D7B00F092DB /* MidiMonitorAppDelegate.m */; };
		9FE1D34713D45D7B00F092DB /* MidiMonitorViewController.mm in Sources */ = {isa = PBXBuildFile; fileRef = 9FE1D34513D45D7B00F092DB /* MidiMonitorViewController.mm */; };
/* End PBXBuildFile section */

/* Begin PBXFileReference section */
		9F2E754913D451940058138E /* myMidiInterface.app */ = {isa = PBXFileReference; explicitFileType = wrapper.application; includeInIndex = 0; path = myMidiInterface.app; sourceTree = BUILT_PRODUCTS_DIR; };
		9F2E754D13D451940058138E /* UIKit.framework */ = {isa = PBXFileReference; lastKnownFileType = wrapper.framework; name = UIKit.framework; path = System/Library/Frameworks/UIKit.framework; sourceTree = SDKROOT; };
		9F2E754F13D451940058138E /* Foundation.framework */ = {isa = PBXFileReference; lastKnownFileType = wrapper.framework; name = Foundation.framework; path = System/Library/Frameworks/Foundation.framework; sourceTree = SDKROOT; };
		9F2E755113D451940058138E /* CoreGraphics.framework */ = {isa = PBXFileReference; lastKnownFileType = wrapper.framework; name = CoreGraphics.framework; path = System/Library/Frameworks/CoreGraphics.framework; sourceTree = SDKROOT; };
		9F2E755513D451940058138E /* myMidiInterface-Info.plist */ = {isa = PBXFileReference; lastKnownFileType = text.plist.xml; path = "myMidiInterface-Info.plist"; sourceTree = "<group>"; };
		9F2E755713D451940058138E /* en */ = {isa = PBXFileReference; lastKnownFileType = text.plist.strings; name = en; path = en.lproj/InfoPlist.strings; sourceTree = "<group>"; };
		9F2E755913D451950058138E /* myMidiInterface-Prefix.pch */ = {isa = PBXFileReference; lastKnownFileType = sourcecode.c.h; path = "myMidiInterface-Prefix.pch"; sourceTree = "<group>"; };
		9F2E755A13D451950058138E /* main.m */ = {isa = PBXFileReference; lastKnownFileType = sourcecode.c.objc; path = main.m; sourceTree = "<group>"; };
		9F2E755C13D451950058138E /* myMidiInterfaceAppDelegate.h */ = {isa = PBXFileReference; lastKnownFileType = sourcecode.c.h; path = myMidiInterfaceAppDelegate.h; sourceTree = "<group>"; };
		9F2E755D13D451950058138E /* myMidiInterfaceAppDelegate.m */ = {isa = PBXFileReference; lastKnownFileType = sourcecode.c.objc; path = myMidiInterfaceAppDelegate.m; sourceTree = "<group>"; };
		9F2E756013D451950058138E /* en */ = {isa = PBXFileReference; lastKnownFileType = file.xib; name = en; path = en.lproj/MainWindow.xib; sourceTree = "<group>"; };
		9F2E756213D451950058138E /* myMidiInterfaceViewController.h */ = {isa = PBXFileReference; lastKnownFileType = sourcecode.c.h; path = myMidiInterfaceViewController.h; sourceTree = "<group>"; };
		9F2E756313D451950058138E /* myMidiInterfaceViewController.m */ = {isa = PBXFileReference; lastKnownFileType = sourcecode.c.objc; path = myMidiInterfaceViewController.m; sourceTree = "<group>"; };
		9F2E756613D451950058138E /* en */ = {isa = PBXFileReference; lastKnownFileType = file.xib; name = en; path = en.lproj/myMidiInterfaceViewController.xib; sourceTree = "<group>"; };
		9F86923E13D8BA4100BD7FE5 /* CoreMIDI.framework */ = {isa = PBXFileReference; lastKnownFileType = wrapper.framework; name = CoreMIDI.framework; path = System/Library/Frameworks/CoreMIDI.framework; sourceTree = SDKROOT; };
		9F86924013D8BBC000BD7FE5 /* myMixerViewController.h */ = {isa = PBXFileReference; fileEncoding = 4; lastKnownFileType = sourcecode.c.h; path = myMixerViewController.h; sourceTree = "<group>"; };
		9F86924113D8BBC000BD7FE5 /* myMixerViewController.m */ = {isa = PBXFileReference; fileEncoding = 4; lastKnownFileType = sourcecode.c.objc; path = myMixerViewController.m; sourceTree = "<group>"; };
		9F86924213D8BBC000BD7FE5 /* myMixerViewController.xib */ = {isa = PBXFileReference; fileEncoding = 4; lastKnownFileType = file.xib; path = myMixerViewController.xib; sourceTree = "<group>"; };
		9F86924513D8BC0A00BD7FE5 /* myXYPadViewController.h */ = {isa = PBXFileReference; fileEncoding = 4; lastKnownFileType = sourcecode.c.h; path = myXYPadViewController.h; sourceTree = "<group>"; };
		9F86924613D8BC0A00BD7FE5 /* myXYPadViewController.m */ = {isa = PBXFileReference; fileEncoding = 4; lastKnownFileType = sourcecode.c.objc; path = myXYPadViewController.m; sourceTree = "<group>"; };
		9F86924713D8BC0A00BD7FE5 /* myXYPadViewController.xib */ = {isa = PBXFileReference; fileEncoding = 4; lastKnownFileType = file.xib; path = myXYPadViewController.xib; sourceTree = "<group>"; };
		9F86924A13D8BC2000BD7FE5 /* myFaceTrackerViewController.h */ = {isa = PBXFileReference; fileEncoding = 4; lastKnownFileType = sourcecode.c.h; path = myFaceTrackerViewController.h; sourceTree = "<group>"; };
		9F86924B13D8BC2000BD7FE5 /* myFaceTrackerViewController.m */ = {isa = PBXFileReference; fileEncoding = 4; lastKnownFileType = sourcecode.c.objc; path = myFaceTrackerViewController.m; sourceTree = "<group>"; };
		9F86924C13D8BC2000BD7FE5 /* myFaceTrackerViewController.xib */ = {isa = PBXFileReference; fileEncoding = 4; lastKnownFileType = file.xib; path = myFaceTrackerViewController.xib; sourceTree = "<group>"; };
		9F86925313D8D0E900BD7FE5 /* DrawerViewController.h */ = {isa = PBXFileReference; fileEncoding = 4; lastKnownFileType = sourcecode.c.h; path = DrawerViewController.h; sourceTree = "<group>"; };
		9F86925413D8D0EA00BD7FE5 /* DrawerViewController.m */ = {isa = PBXFileReference; fileEncoding = 4; lastKnownFileType = sourcecode.c.objc; path = DrawerViewController.m; sourceTree = "<group>"; };
		9F86925513D8D0EA00BD7FE5 /* DrawerViewController.xib */ = {isa = PBXFileReference; fileEncoding = 4; lastKnownFileType = file.xib; path = DrawerViewController.xib; sourceTree = "<group>"; };
		9F86926D13D8E0E000BD7FE5 /* RoundedUIViewMask.h */ = {isa = PBXFileReference; fileEncoding = 4; lastKnownFileType = sourcecode.c.h; path = RoundedUIViewMask.h; sourceTree = "<group>"; };
		9F86926E13D8E0E000BD7FE5 /* RoundedUIViewMask.m */ = {isa = PBXFileReference; fileEncoding = 4; lastKnownFileType = sourcecode.c.objc; path = RoundedUIViewMask.m; sourceTree = "<group>"; };
		9F86927013D8E18200BD7FE5 /* QuartzCore.framework */ = {isa = PBXFileReference; lastKnownFileType = wrapper.framework; name = QuartzCore.framework; path = System/Library/Frameworks/QuartzCore.framework; sourceTree = SDKROOT; };
		9F86927E13D8F4B700BD7FE5 /* UIViewWithShadow.h */ = {isa = PBXFileReference; fileEncoding = 4; lastKnownFileType = sourcecode.c.h; path = UIViewWithShadow.h; sourceTree = "<group>"; };
		9F86927F13D8F4B700BD7FE5 /* UIViewWithShadow.m */ = {isa = PBXFileReference; fileEncoding = 4; lastKnownFileType = sourcecode.c.objc; path = UIViewWithShadow.m; sourceTree = "<group>"; };
		9FE1D33713D45D2000F092DB /* iOSVersionDetection.h */ = {isa = PBXFileReference; fileEncoding = 4; lastKnownFileType = sourcecode.c.h; path = iOSVersionDetection.h; sourceTree = "<group>"; };
		9FE1D33813D45D2000F092DB /* PGMidi.h */ = {isa = PBXFileReference; fileEncoding = 4; lastKnownFileType = sourcecode.c.h; path = PGMidi.h; sourceTree = "<group>"; };
		9FE1D33913D45D2000F092DB /* PGMidi.mm */ = {isa = PBXFileReference; fileEncoding = 4; lastKnownFileType = sourcecode.cpp.objcpp; path = PGMidi.mm; sourceTree = "<group>"; };
		9FE1D33A13D45D2000F092DB /* PGMidiAllSources.h */ = {isa = PBXFileReference; fileEncoding = 4; lastKnownFileType = sourcecode.c.h; path = PGMidiAllSources.h; sourceTree = "<group>"; };
		9FE1D33B13D45D2000F092DB /* PGMidiAllSources.mm */ = {isa = PBXFileReference; fileEncoding = 4; lastKnownFileType = sourcecode.cpp.objcpp; path = PGMidiAllSources.mm; sourceTree = "<group>"; };
		9FE1D33C13D45D2000F092DB /* PGMidiFind.h */ = {isa = PBXFileReference; fileEncoding = 4; lastKnownFileType = sourcecode.c.h; path = PGMidiFind.h; sourceTree = "<group>"; };
		9FE1D33D13D45D2000F092DB /* PGMidiFind.mm */ = {isa = PBXFileReference; fileEncoding = 4; lastKnownFileType = sourcecode.cpp.objcpp; path = PGMidiFind.mm; sourceTree = "<group>"; };
		9FE1D34213D45D7B00F092DB /* MidiMonitorAppDelegate.h */ = {isa = PBXFileReference; fileEncoding = 4; lastKnownFileType = sourcecode.c.h; path = MidiMonitorAppDelegate.h; sourceTree = "<group>"; };
		9FE1D34313D45D7B00F092DB /* MidiMonitorAppDelegate.m */ = {isa = PBXFileReference; fileEncoding = 4; lastKnownFileType = sourcecode.c.objc; path = MidiMonitorAppDelegate.m; sourceTree = "<group>"; };
		9FE1D34413D45D7B00F092DB /* MidiMonitorViewController.h */ = {isa = PBXFileReference; fileEncoding = 4; lastKnownFileType = sourcecode.c.h; path = MidiMonitorViewController.h; sourceTree = "<group>"; };
		9FE1D34513D45D7B00F092DB /* MidiMonitorViewController.mm */ = {isa = PBXFileReference; fileEncoding = 4; lastKnownFileType = sourcecode.cpp.objcpp; path = MidiMonitorViewController.mm; sourceTree = "<group>"; };
/* End PBXFileReference section */

/* Begin PBXFrameworksBuildPhase section */
		9F2E754613D451940058138E /* Frameworks */ = {
			isa = PBXFrameworksBuildPhase;
			buildActionMask = 2147483647;
			files = (
				9F86927113D8E18200BD7FE5 /* QuartzCore.framework in Frameworks */,
				9F86923F13D8BA4100BD7FE5 /* CoreMIDI.framework in Frameworks */,
				9F2E754E13D451940058138E /* UIKit.framework in Frameworks */,
				9F2E755013D451940058138E /* Foundation.framework in Frameworks */,
				9F2E755213D451940058138E /* CoreGraphics.framework in Frameworks */,
			);
			runOnlyForDeploymentPostprocessing = 0;
		};
/* End PBXFrameworksBuildPhase section */

/* Begin PBXGroup section */
		9F2E753E13D451940058138E = {
			isa = PBXGroup;
			children = (
				9F2E755313D451940058138E /* myMidiInterface */,
				9F2E754C13D451940058138E /* Frameworks */,
				9F2E754A13D451940058138E /* Products */,
			);
			sourceTree = "<group>";
		};
		9F2E754A13D451940058138E /* Products */ = {
			isa = PBXGroup;
			children = (
				9F2E754913D451940058138E /* myMidiInterface.app */,
			);
			name = Products;
			sourceTree = "<group>";
		};
		9F2E754C13D451940058138E /* Frameworks */ = {
			isa = PBXGroup;
			children = (
				9F86927013D8E18200BD7FE5 /* QuartzCore.framework */,
				9F86923E13D8BA4100BD7FE5 /* CoreMIDI.framework */,
				9F2E754D13D451940058138E /* UIKit.framework */,
				9F2E754F13D451940058138E /* Foundation.framework */,
				9F2E755113D451940058138E /* CoreGraphics.framework */,
			);
			name = Frameworks;
			sourceTree = "<group>";
		};
		9F2E755313D451940058138E /* myMidiInterface */ = {
			isa = PBXGroup;
			children = (
				9F2E755C13D451950058138E /* myMidiInterfaceAppDelegate.h */,
				9F2E755D13D451950058138E /* myMidiInterfaceAppDelegate.m */,
				9FE1D33613D45CE100F092DB /* Controller */,
				9FE1D33313D45CCF00F092DB /* Model */,
				9FE1D33513D45CDA00F092DB /* View */,
				9F2E755413D451940058138E /* Supporting Files */,
			);
			path = myMidiInterface;
			sourceTree = "<group>";
		};
		9F2E755413D451940058138E /* Supporting Files */ = {
			isa = PBXGroup;
			children = (
				9F2E755513D451940058138E /* myMidiInterface-Info.plist */,
				9F2E755613D451940058138E /* InfoPlist.strings */,
				9F2E755913D451950058138E /* myMidiInterface-Prefix.pch */,
				9F2E755A13D451950058138E /* main.m */,
			);
			name = "Supporting Files";
			sourceTree = "<group>";
		};
		9FE1D33313D45CCF00F092DB /* Model */ = {
			isa = PBXGroup;
			children = (
				9FE1D34113D45D2B00F092DB /* coreMIDI */,
			);
			name = Model;
			sourceTree = "<group>";
		};
		9FE1D33513D45CDA00F092DB /* View */ = {
			isa = PBXGroup;
			children = (
				9F86927E13D8F4B700BD7FE5 /* UIViewWithShadow.h */,
				9F86927F13D8F4B700BD7FE5 /* UIViewWithShadow.m */,
				9F86926D13D8E0E000BD7FE5 /* RoundedUIViewMask.h */,
				9F86926E13D8E0E000BD7FE5 /* RoundedUIViewMask.m */,
				9F2E755F13D451950058138E /* MainWindow.xib */,
				9FE1D34813D45D8900F092DB /* PGMidi files */,
			);
			name = View;
			sourceTree = "<group>";
		};
		9FE1D33613D45CE100F092DB /* Controller */ = {
			isa = PBXGroup;
			children = (
				9F2E756213D451950058138E /* myMidiInterfaceViewController.h */,
				9F2E756313D451950058138E /* myMidiInterfaceViewController.m */,
				9F2E756513D451950058138E /* myMidiInterfaceViewController.xib */,
				9F86924013D8BBC000BD7FE5 /* myMixerViewController.h */,
				9F86924113D8BBC000BD7FE5 /* myMixerViewController.m */,
				9F86924213D8BBC000BD7FE5 /* myMixerViewController.xib */,
				9F86924513D8BC0A00BD7FE5 /* myXYPadViewController.h */,
				9F86924613D8BC0A00BD7FE5 /* myXYPadViewController.m */,
				9F86924713D8BC0A00BD7FE5 /* myXYPadViewController.xib */,
				9F86924A13D8BC2000BD7FE5 /* myFaceTrackerViewController.h */,
				9F86924B13D8BC2000BD7FE5 /* myFaceTrackerViewController.m */,
				9F86924C13D8BC2000BD7FE5 /* myFaceTrackerViewController.xib */,
				9F86925313D8D0E900BD7FE5 /* DrawerViewController.h */,
				9F86925413D8D0EA00BD7FE5 /* DrawerViewController.m */,
				9F86925513D8D0EA00BD7FE5 /* DrawerViewController.xib */,
			);
			name = Controller;
			sourceTree = "<group>";
		};
		9FE1D34113D45D2B00F092DB /* coreMIDI */ = {
			isa = PBXGroup;
			children = (
				9FE1D33713D45D2000F092DB /* iOSVersionDetection.h */,
				9FE1D33813D45D2000F092DB /* PGMidi.h */,
				9FE1D33913D45D2000F092DB /* PGMidi.mm */,
				9FE1D33A13D45D2000F092DB /* PGMidiAllSources.h */,
				9FE1D33B13D45D2000F092DB /* PGMidiAllSources.mm */,
				9FE1D33C13D45D2000F092DB /* PGMidiFind.h */,
				9FE1D33D13D45D2000F092DB /* PGMidiFind.mm */,
			);
			name = coreMIDI;
			sourceTree = "<group>";
		};
		9FE1D34813D45D8900F092DB /* PGMidi files */ = {
			isa = PBXGroup;
			children = (
				9FE1D34213D45D7B00F092DB /* MidiMonitorAppDelegate.h */,
				9FE1D34313D45D7B00F092DB /* MidiMonitorAppDelegate.m */,
				9FE1D34413D45D7B00F092DB /* MidiMonitorViewController.h */,
				9FE1D34513D45D7B00F092DB /* MidiMonitorViewController.mm */,
			);
			name = "PGMidi files";
			sourceTree = "<group>";
		};
/* End PBXGroup section */

/* Begin PBXNativeTarget section */
		9F2E754813D451940058138E /* myMidiInterface */ = {
			isa = PBXNativeTarget;
			buildConfigurationList = 9F2E756A13D451950058138E /* Build configuration list for PBXNativeTarget "myMidiInterface" */;
			buildPhases = (
				9F2E754513D451940058138E /* Sources */,
				9F2E754613D451940058138E /* Frameworks */,
				9F2E754713D451940058138E /* Resources */,
			);
			buildRules = (
			);
			dependencies = (
			);
			name = myMidiInterface;
			productName = myMidiInterface;
			productReference = 9F2E754913D451940058138E /* myMidiInterface.app */;
			productType = "com.apple.product-type.application";
		};
/* End PBXNativeTarget section */

/* Begin PBXProject section */
		9F2E754013D451940058138E /* Project object */ = {
			isa = PBXProject;
			attributes = {
				ORGANIZATIONNAME = "Cardiff Uni";
			};
			buildConfigurationList = 9F2E754313D451940058138E /* Build configuration list for PBXProject "myMidiInterface" */;
			compatibilityVersion = "Xcode 3.2";
			developmentRegion = English;
			hasScannedForEncodings = 0;
			knownRegions = (
				en,
			);
			mainGroup = 9F2E753E13D451940058138E;
			productRefGroup = 9F2E754A13D451940058138E /* Products */;
			projectDirPath = "";
			projectRoot = "";
			targets = (
				9F2E754813D451940058138E /* myMidiInterface */,
			);
		};
/* End PBXProject section */

/* Begin PBXResourcesBuildPhase section */
		9F2E754713D451940058138E /* Resources */ = {
			isa = PBXResourcesBuildPhase;
			buildActionMask = 2147483647;
			files = (
				9F2E755813D451940058138E /* InfoPlist.strings in Resources */,
				9F2E756113D451950058138E /* MainWindow.xib in Resources */,
				9F2E756713D451950058138E /* myMidiInterfaceViewController.xib in Resources */,
				9F86924413D8BBC000BD7FE5 /* myMixerViewController.xib in Resources */,
				9F86924913D8BC0A00BD7FE5 /* myXYPadViewController.xib in Resources */,
				9F86924E13D8BC2000BD7FE5 /* myFaceTrackerViewController.xib in Resources */,
				9F86925713D8D0EB00BD7FE5 /* DrawerViewController.xib in Resources */,
			);
			runOnlyForDeploymentPostprocessing = 0;
		};
/* End PBXResourcesBuildPhase section */

/* Begin PBXSourcesBuildPhase section */
		9F2E754513D451940058138E /* Sources */ = {
			isa = PBXSourcesBuildPhase;
			buildActionMask = 2147483647;
			files = (
				9F2E755B13D451950058138E /* main.m in Sources */,
				9F2E755E13D451950058138E /* myMidiInterfaceAppDelegate.m in Sources */,
				9F2E756413D451950058138E /* myMidiInterfaceViewController.m in Sources */,
				9FE1D33E13D45D2000F092DB /* PGMidi.mm in Sources */,
				9FE1D33F13D45D2000F092DB /* PGMidiAllSources.mm in Sources */,
				9FE1D34013D45D2000F092DB /* PGMidiFind.mm in Sources */,
				9FE1D34613D45D7B00F092DB /* MidiMonitorAppDelegate.m in Sources */,
				9FE1D34713D45D7B00F092DB /* MidiMonitorViewController.mm in Sources */,
				9F86924313D8BBC000BD7FE5 /* myMixerViewController.m in Sources */,
				9F86924813D8BC0A00BD7FE5 /* myXYPadViewController.m in Sources */,
				9F86924D13D8BC2000BD7FE5 /* myFaceTrackerViewController.m in Sources */,
				9F86925613D8D0EB00BD7FE5 /* DrawerViewController.m in Sources */,
				9F86926F13D8E0E000BD7FE5 /* RoundedUIViewMask.m in Sources */,
				9F86928013D8F4B700BD7FE5 /* UIViewWithShadow.m in Sources */,
			);
			runOnlyForDeploymentPostprocessing = 0;
		};
/* End PBXSourcesBuildPhase section */

/* Begin PBXVariantGroup section */
		9F2E755613D451940058138E /* InfoPlist.strings */ = {
			isa = PBXVariantGroup;
			children = (
				9F2E755713D451940058138E /* en */,
			);
			name = InfoPlist.strings;
			sourceTree = "<group>";
		};
		9F2E755F13D451950058138E /* MainWindow.xib */ = {
			isa = PBXVariantGroup;
			children = (
				9F2E756013D451950058138E /* en */,
			);
			name = MainWindow.xib;
			sourceTree = "<group>";
		};
		9F2E756513D451950058138E /* myMidiInterfaceViewController.xib */ = {
			isa = PBXVariantGroup;
			children = (
				9F2E756613D451950058138E /* en */,
			);
			name = myMidiInterfaceViewController.xib;
			sourceTree = "<group>";
		};
/* End PBXVariantGroup section */

/* Begin XCBuildConfiguration section */
		9F2E756813D451950058138E /* Debug */ = {
			isa = XCBuildConfiguration;
			buildSettings = {
				ARCHS = "$(ARCHS_UNIVERSAL_IPHONE_OS)";
				"CODE_SIGN_IDENTITY[sdk=iphoneos*]" = "iPhone Developer";
				GCC_C_LANGUAGE_STANDARD = gnu99;
				GCC_OPTIMIZATION_LEVEL = 0;
				GCC_PREPROCESSOR_DEFINITIONS = DEBUG;
				GCC_SYMBOLS_PRIVATE_EXTERN = NO;
				GCC_VERSION = com.apple.compilers.llvmgcc42;
				GCC_WARN_ABOUT_RETURN_TYPE = YES;
				GCC_WARN_UNUSED_VARIABLE = YES;
				IPHONEOS_DEPLOYMENT_TARGET = 4.3;
				SDKROOT = iphoneos;
				TARGETED_DEVICE_FAMILY = 2;
			};
			name = Debug;
		};
		9F2E756913D451950058138E /* Release */ = {
			isa = XCBuildConfiguration;
			buildSettings = {
				ARCHS = "$(ARCHS_UNIVERSAL_IPHONE_OS)";
				"CODE_SIGN_IDENTITY[sdk=iphoneos*]" = "iPhone Developer";
				GCC_C_LANGUAGE_STANDARD = gnu99;
				GCC_VERSION = com.apple.compilers.llvmgcc42;
				GCC_WARN_ABOUT_RETURN_TYPE = YES;
				GCC_WARN_UNUSED_VARIABLE = YES;
				IPHONEOS_DEPLOYMENT_TARGET = 4.3;
				OTHER_CFLAGS = "-DNS_BLOCK_ASSERTIONS=1";
				SDKROOT = iphoneos;
				TARGETED_DEVICE_FAMILY = 2;
			};
			name = Release;
		};
		9F2E756B13D451950058138E /* Debug */ = {
			isa = XCBuildConfiguration;
			buildSettings = {
				ALWAYS_SEARCH_USER_PATHS = NO;
				COPY_PHASE_STRIP = NO;
				GCC_DYNAMIC_NO_PIC = NO;
				GCC_PRECOMPILE_PREFIX_HEADER = YES;
				GCC_PREFIX_HEADER = "myMidiInterface/myMidiInterface-Prefix.pch";
				INFOPLIST_FILE = "myMidiInterface/myMidiInterface-Info.plist";
				PRODUCT_NAME = "$(TARGET_NAME)";
				WRAPPER_EXTENSION = app;
			};
			name = Debug;
		};
		9F2E756C13D451950058138E /* Release */ = {
			isa = XCBuildConfiguration;
			buildSettings = {
				ALWAYS_SEARCH_USER_PATHS = NO;
				COPY_PHASE_STRIP = YES;
				GCC_PRECOMPILE_PREFIX_HEADER = YES;
				GCC_PREFIX_HEADER = "myMidiInterface/myMidiInterface-Prefix.pch";
				INFOPLIST_FILE = "myMidiInterface/myMidiInterface-Info.plist";
				PRODUCT_NAME = "$(TARGET_NAME)";
				VALIDATE_PRODUCT = YES;
				WRAPPER_EXTENSION = app;
			};
			name = Release;
		};
/* End XCBuildConfiguration section */

/* Begin XCConfigurationList section */
		9F2E754313D451940058138E /* Build configuration list for PBXProject "myMidiInterface" */ = {
			isa = XCConfigurationList;
			buildConfigurations = (
				9F2E756813D451950058138E /* Debug */,
				9F2E756913D451950058138E /* Release */,
			);
			defaultConfigurationIsVisible = 0;
			defaultConfigurationName = Release;
		};
		9F2E756A13D451950058138E /* Build configuration list for PBXNativeTarget "myMidiInterface" */ = {
			isa = XCConfigurationList;
			buildConfigurations = (
				9F2E756B13D451950058138E /* Debug */,
				9F2E756C13D451950058138E /* Release */,
			);
			defaultConfigurationIsVisible = 0;
			defaultConfigurationName = Release;
		};
/* End XCConfigurationList section */
	};
	rootObject = 9F2E754013D451940058138E /* Project object */;
}
